
Microsoft Visual Studio Solution File, Format Version 12.00
# Visual Studio Version 17
VisualStudioVersion = 17.8.34330.188
MinimumVisualStudioVersion = 10.0.40219.1
Project("{9A19103F-16F7-4668-BE54-9A1E7A4F7556}") = "ATOS.Api", "ATOS.Api\ATOS.Api.csproj", "{C5452B3F-3625-4C76-BFB0-17B55A0E3C73}"
EndProject
Project("{9A19103F-16F7-4668-BE54-9A1E7A4F7556}") = "ATOS.ApplicationServices.Shared", "ATOS.ApplicationServices.Shared\ATOS.ApplicationServices.Shared.csproj", "{FED43FE5-43A2-4028-B0ED-352D29835C0C}"
EndProject
Project("{9A19103F-16F7-4668-BE54-9A1E7A4F7556}") = "ATOS.ApplicationServices", "ATOS.ApplicationServices\ATOS.ApplicationServices.csproj", "{D8EEA048-6462-45DE-9828-6CA0048AD7A9}"
EndProject
Project("{FAE04EC0-301F-11D3-BF4B-00C04F79EFBC}") = "ATOS.Core", "ATOS.Core\ATOS.Core.csproj", "{24F460A5-7E94-4A2C-B5A4-54699131A6E7}"
EndProject
Project("{FAE04EC0-301F-11D3-BF4B-00C04F79EFBC}") = "ATOS.DataAccess", "ATOS.DataAccess\ATOS.DataAccess.csproj", "{D11DD1EC-DF0B-4204-9DCB-5A56767076EB}"
EndProject
Global
	GlobalSection(SolutionConfigurationPlatforms) = preSolution
		Debug|Any CPU = Debug|Any CPU
		Release|Any CPU = Release|Any CPU
	EndGlobalSection
	GlobalSection(ProjectConfigurationPlatforms) = postSolution
		{C5452B3F-3625-4C76-BFB0-17B55A0E3C73}.Debug|Any CPU.ActiveCfg = Debug|Any CPU
		{C5452B3F-3625-4C76-BFB0-17B55A0E3C73}.Debug|Any CPU.Build.0 = Debug|Any CPU
		{C5452B3F-3625-4C76-BFB0-17B55A0E3C73}.Release|Any CPU.ActiveCfg = Release|Any CPU
		{C5452B3F-3625-4C76-BFB0-17B55A0E3C73}.Release|Any CPU.Build.0 = Release|Any CPU
		{FED43FE5-43A2-4028-B0ED-352D29835C0C}.Debug|Any CPU.ActiveCfg = Debug|Any CPU
		{FED43FE5-43A2-4028-B0ED-352D29835C0C}.Debug|Any CPU.Build.0 = Debug|Any CPU
		{FED43FE5-43A2-4028-B0ED-352D29835C0C}.Release|Any CPU.ActiveCfg = Release|Any CPU
		{FED43FE5-43A2-4028-B0ED-352D29835C0C}.Release|Any CPU.Build.0 = Release|Any CPU
		{D8EEA048-6462-45DE-9828-6CA0048AD7A9}.Debug|Any CPU.ActiveCfg = Debug|Any CPU
		{D8EEA048-6462-45DE-9828-6CA0048AD7A9}.Debug|Any CPU.Build.0 = Debug|Any CPU
		{D8EEA048-6462-45DE-9828-6CA0048AD7A9}.Release|Any CPU.ActiveCfg = Release|Any CPU
		{D8EEA048-6462-45DE-9828-6CA0048AD7A9}.Release|Any CPU.Build.0 = Release|Any CPU
		{24F460A5-7E94-4A2C-B5A4-54699131A6E7}.Debug|Any CPU.ActiveCfg = Debug|Any CPU
		{24F460A5-7E94-4A2C-B5A4-54699131A6E7}.Debug|Any CPU.Build.0 = Debug|Any CPU
		{24F460A5-7E94-4A2C-B5A4-54699131A6E7}.Release|Any CPU.ActiveCfg = Release|Any CPU
		{24F460A5-7E94-4A2C-B5A4-54699131A6E7}.Release|Any CPU.Build.0 = Release|Any CPU
		{D11DD1EC-DF0B-4204-9DCB-5A56767076EB}.Debug|Any CPU.ActiveCfg = Debug|Any CPU
		{D11DD1EC-DF0B-4204-9DCB-5A56767076EB}.Debug|Any CPU.Build.0 = Debug|Any CPU
		{D11DD1EC-DF0B-4204-9DCB-5A56767076EB}.Release|Any CPU.ActiveCfg = Release|Any CPU
		{D11DD1EC-DF0B-4204-9DCB-5A56767076EB}.Release|Any CPU.Build.0 = Release|Any CPU
	EndGlobalSection
	GlobalSection(SolutionProperties) = preSolution
		HideSolutionNode = FALSE
	EndGlobalSection
	GlobalSection(ExtensibilityGlobals) = postSolution
		SolutionGuid = {74349ABE-13E0-4560-9BA9-1FEA776E9AE1}
	EndGlobalSection
EndGlobal
