
Microsoft Visual Studio Solution File, Format Version 12.00
# Visual Studio Version 17
VisualStudioVersion = 17.9.34607.119
MinimumVisualStudioVersion = 10.0.40219.1
Project("{FAE04EC0-301F-11D3-BF4B-00C04F79EFBC}") = "DataAccess.GymManager.WebApi", "DataAccess.GymManager\DataAccess.GymManager.WebApi.csproj", "{8073B2AE-2604-460B-A8BB-8B44856A780F}"
EndProject
Project("{FAE04EC0-301F-11D3-BF4B-00C04F79EFBC}") = "DataAccess.GymManager.Core", "DataAccess.GymManager.Core\DataAccess.GymManager.Core.csproj", "{B4C6D1A7-9BE5-4222-817F-4D7A8389AE58}"
EndProject
Project("{FAE04EC0-301F-11D3-BF4B-00C04F79EFBC}") = "DataAccess.GymManager.EntityFramework", "DataAccess.GymManager.EntityFramework\DataAccess.GymManager.EntityFramework.csproj", "{1FE0C261-2134-426F-8F7C-A70CD76B287C}"
EndProject
Global
	GlobalSection(SolutionConfigurationPlatforms) = preSolution
		Debug|Any CPU = Debug|Any CPU
		Release|Any CPU = Release|Any CPU
	EndGlobalSection
	GlobalSection(ProjectConfigurationPlatforms) = postSolution
		{8073B2AE-2604-460B-A8BB-8B44856A780F}.Debug|Any CPU.ActiveCfg = Debug|Any CPU
		{8073B2AE-2604-460B-A8BB-8B44856A780F}.Debug|Any CPU.Build.0 = Debug|Any CPU
		{8073B2AE-2604-460B-A8BB-8B44856A780F}.Release|Any CPU.ActiveCfg = Release|Any CPU
		{8073B2AE-2604-460B-A8BB-8B44856A780F}.Release|Any CPU.Build.0 = Release|Any CPU
		{B4C6D1A7-9BE5-4222-817F-4D7A8389AE58}.Debug|Any CPU.ActiveCfg = Debug|Any CPU
		{B4C6D1A7-9BE5-4222-817F-4D7A8389AE58}.Debug|Any CPU.Build.0 = Debug|Any CPU
		{B4C6D1A7-9BE5-4222-817F-4D7A8389AE58}.Release|Any CPU.ActiveCfg = Release|Any CPU
		{B4C6D1A7-9BE5-4222-817F-4D7A8389AE58}.Release|Any CPU.Build.0 = Release|Any CPU
		{1FE0C261-2134-426F-8F7C-A70CD76B287C}.Debug|Any CPU.ActiveCfg = Debug|Any CPU
		{1FE0C261-2134-426F-8F7C-A70CD76B287C}.Debug|Any CPU.Build.0 = Debug|Any CPU
		{1FE0C261-2134-426F-8F7C-A70CD76B287C}.Release|Any CPU.ActiveCfg = Release|Any CPU
		{1FE0C261-2134-426F-8F7C-A70CD76B287C}.Release|Any CPU.Build.0 = Release|Any CPU
	EndGlobalSection
	GlobalSection(SolutionProperties) = preSolution
		HideSolutionNode = FALSE
	EndGlobalSection
	GlobalSection(ExtensibilityGlobals) = postSolution
		SolutionGuid = {89027E17-5405-4981-8D11-219D78212822}
	EndGlobalSection
EndGlobal
