
Microsoft Visual Studio Solution File, Format Version 12.00
# Visual Studio Version 17
VisualStudioVersion = 17.8.34511.84
MinimumVisualStudioVersion = 10.0.40219.1
Project("{FAE04EC0-301F-11D3-BF4B-00C04F79EFBC}") = "DataTypes", "DataTypes\DataTypes.csproj", "{3EBCD572-9D2C-41BE-96B0-DBE25F98031C}"
EndProject
Project("{FAE04EC0-301F-11D3-BF4B-00C04F79EFBC}") = "DataTypes.Web", "DataTypes.Web\DataTypes.Web.csproj", "{0DC2034E-0A5E-44A5-B916-714998AF127D}"
EndProject
Global
	GlobalSection(SolutionConfigurationPlatforms) = preSolution
		Debug|Any CPU = Debug|Any CPU
		Release|Any CPU = Release|Any CPU
	EndGlobalSection
	GlobalSection(ProjectConfigurationPlatforms) = postSolution
		{3EBCD572-9D2C-41BE-96B0-DBE25F98031C}.Debug|Any CPU.ActiveCfg = Debug|Any CPU
		{3EBCD572-9D2C-41BE-96B0-DBE25F98031C}.Debug|Any CPU.Build.0 = Debug|Any CPU
		{3EBCD572-9D2C-41BE-96B0-DBE25F98031C}.Release|Any CPU.ActiveCfg = Release|Any CPU
		{3EBCD572-9D2C-41BE-96B0-DBE25F98031C}.Release|Any CPU.Build.0 = Release|Any CPU
		{0DC2034E-0A5E-44A5-B916-714998AF127D}.Debug|Any CPU.ActiveCfg = Debug|Any CPU
		{0DC2034E-0A5E-44A5-B916-714998AF127D}.Debug|Any CPU.Build.0 = Debug|Any CPU
		{0DC2034E-0A5E-44A5-B916-714998AF127D}.Release|Any CPU.ActiveCfg = Release|Any CPU
		{0DC2034E-0A5E-44A5-B916-714998AF127D}.Release|Any CPU.Build.0 = Release|Any CPU
	EndGlobalSection
	GlobalSection(SolutionProperties) = preSolution
		HideSolutionNode = FALSE
	EndGlobalSection
	GlobalSection(ExtensibilityGlobals) = postSolution
		SolutionGuid = {B04525AD-2D5B-49F0-A6FF-5E78FB38FCDB}
	EndGlobalSection
EndGlobal
