
Microsoft Visual Studio Solution File, Format Version 12.00
# Visual Studio Version 17
VisualStudioVersion = 17.8.34408.163
MinimumVisualStudioVersion = 10.0.40219.1
Project("{FAE04EC0-301F-11D3-BF4B-00C04F79EFBC}") = "Rodrigo's-AudioManager", "Rodrigo's-AudioManager\Rodrigo's-AudioManager.csproj", "{A71DE89C-6244-497E-9424-2AEE232657A5}"
EndProject
Project("{FAE04EC0-301F-11D3-BF4B-00C04F79EFBC}") = "Libreria", "vehiculo\Libreria.csproj", "{FBCDD351-5BAC-43D1-9040-5C4B6FD4CF2A}"
EndProject
Global
	GlobalSection(SolutionConfigurationPlatforms) = preSolution
		Debug|Any CPU = Debug|Any CPU
		Release|Any CPU = Release|Any CPU
	EndGlobalSection
	GlobalSection(ProjectConfigurationPlatforms) = postSolution
		{A71DE89C-6244-497E-9424-2AEE232657A5}.Debug|Any CPU.ActiveCfg = Debug|Any CPU
		{A71DE89C-6244-497E-9424-2AEE232657A5}.Debug|Any CPU.Build.0 = Debug|Any CPU
		{A71DE89C-6244-497E-9424-2AEE232657A5}.Release|Any CPU.ActiveCfg = Release|Any CPU
		{A71DE89C-6244-497E-9424-2AEE232657A5}.Release|Any CPU.Build.0 = Release|Any CPU
		{FBCDD351-5BAC-43D1-9040-5C4B6FD4CF2A}.Debug|Any CPU.ActiveCfg = Debug|Any CPU
		{FBCDD351-5BAC-43D1-9040-5C4B6FD4CF2A}.Debug|Any CPU.Build.0 = Debug|Any CPU
		{FBCDD351-5BAC-43D1-9040-5C4B6FD4CF2A}.Release|Any CPU.ActiveCfg = Release|Any CPU
		{FBCDD351-5BAC-43D1-9040-5C4B6FD4CF2A}.Release|Any CPU.Build.0 = Release|Any CPU
	EndGlobalSection
	GlobalSection(SolutionProperties) = preSolution
		HideSolutionNode = FALSE
	EndGlobalSection
	GlobalSection(ExtensibilityGlobals) = postSolution
		SolutionGuid = {DE1A3F41-4537-40A4-9CD9-55EE481D2F95}
	EndGlobalSection
EndGlobal
