
Microsoft Visual Studio Solution File, Format Version 12.00
# Visual Studio Version 17
VisualStudioVersion = 17.9.34607.119
MinimumVisualStudioVersion = 10.0.40219.1
Project("{9A19103F-16F7-4668-BE54-9A1E7A4F7556}") = "DataAccess.Example", "DataAccess.Example\DataAccess.Example.csproj", "{F33965DF-9264-42D8-A64E-3C7BD0F3D595}"
EndProject
Project("{FAE04EC0-301F-11D3-BF4B-00C04F79EFBC}") = "DataAccess.Example.Core", "DataAccess.Example.Core\DataAccess.Example.Core.csproj", "{B0FFDEAD-D4C8-4ED3-8B6C-CB5198C4911F}"
EndProject
Project("{FAE04EC0-301F-11D3-BF4B-00C04F79EFBC}") = "DataAccess.Example.EntityFramework", "DataAccess.Example.EntityFramework\DataAccess.Example.EntityFramework.csproj", "{87C44E0D-C0D2-46A0-A0AF-11993CFD7DBB}"
EndProject
Project("{FAE04EC0-301F-11D3-BF4B-00C04F79EFBC}") = "DataAccess.Example.WebApi", "DataAccess.Example.WebApi\DataAccess.Example.WebApi.csproj", "{E81A09BB-9D6A-487E-ABF6-0546BCA2395C}"
EndProject
Global
	GlobalSection(SolutionConfigurationPlatforms) = preSolution
		Debug|Any CPU = Debug|Any CPU
		Release|Any CPU = Release|Any CPU
	EndGlobalSection
	GlobalSection(ProjectConfigurationPlatforms) = postSolution
		{F33965DF-9264-42D8-A64E-3C7BD0F3D595}.Debug|Any CPU.ActiveCfg = Debug|Any CPU
		{F33965DF-9264-42D8-A64E-3C7BD0F3D595}.Debug|Any CPU.Build.0 = Debug|Any CPU
		{F33965DF-9264-42D8-A64E-3C7BD0F3D595}.Release|Any CPU.ActiveCfg = Release|Any CPU
		{F33965DF-9264-42D8-A64E-3C7BD0F3D595}.Release|Any CPU.Build.0 = Release|Any CPU
		{B0FFDEAD-D4C8-4ED3-8B6C-CB5198C4911F}.Debug|Any CPU.ActiveCfg = Debug|Any CPU
		{B0FFDEAD-D4C8-4ED3-8B6C-CB5198C4911F}.Debug|Any CPU.Build.0 = Debug|Any CPU
		{B0FFDEAD-D4C8-4ED3-8B6C-CB5198C4911F}.Release|Any CPU.ActiveCfg = Release|Any CPU
		{B0FFDEAD-D4C8-4ED3-8B6C-CB5198C4911F}.Release|Any CPU.Build.0 = Release|Any CPU
		{87C44E0D-C0D2-46A0-A0AF-11993CFD7DBB}.Debug|Any CPU.ActiveCfg = Debug|Any CPU
		{87C44E0D-C0D2-46A0-A0AF-11993CFD7DBB}.Debug|Any CPU.Build.0 = Debug|Any CPU
		{87C44E0D-C0D2-46A0-A0AF-11993CFD7DBB}.Release|Any CPU.ActiveCfg = Release|Any CPU
		{87C44E0D-C0D2-46A0-A0AF-11993CFD7DBB}.Release|Any CPU.Build.0 = Release|Any CPU
		{E81A09BB-9D6A-487E-ABF6-0546BCA2395C}.Debug|Any CPU.ActiveCfg = Debug|Any CPU
		{E81A09BB-9D6A-487E-ABF6-0546BCA2395C}.Debug|Any CPU.Build.0 = Debug|Any CPU
		{E81A09BB-9D6A-487E-ABF6-0546BCA2395C}.Release|Any CPU.ActiveCfg = Release|Any CPU
		{E81A09BB-9D6A-487E-ABF6-0546BCA2395C}.Release|Any CPU.Build.0 = Release|Any CPU
	EndGlobalSection
	GlobalSection(SolutionProperties) = preSolution
		HideSolutionNode = FALSE
	EndGlobalSection
	GlobalSection(ExtensibilityGlobals) = postSolution
		SolutionGuid = {7F92E037-AA43-4B2E-BAD3-8F612C39DA6C}
	EndGlobalSection
EndGlobal
