
Microsoft Visual Studio Solution File, Format Version 12.00
# Visual Studio Version 17
VisualStudioVersion = 17.8.34330.188
MinimumVisualStudioVersion = 10.0.40219.1
Project("{9A19103F-16F7-4668-BE54-9A1E7A4F7556}") = "WebApi.Cors.Example", "WebApi.Cors.Example\WebApi.Cors.Example.csproj", "{13FE3DD8-8B18-4E6E-8F0B-22D12EDC1C91}"
EndProject
Project("{9A19103F-16F7-4668-BE54-9A1E7A4F7556}") = "WebCors.Example.Client", "WebCors.Example.Client\WebCors.Example.Client.csproj", "{0BEB286E-AAE5-4843-895D-BBB9A572BDBA}"
EndProject
Project("{FAE04EC0-301F-11D3-BF4B-00C04F79EFBC}") = "WebApi.Shared", "WebApi.Shared\WebApi.Shared.csproj", "{71F5A329-BF72-49B2-A61A-BF193EA667CB}"
EndProject
Global
	GlobalSection(SolutionConfigurationPlatforms) = preSolution
		Debug|Any CPU = Debug|Any CPU
		Release|Any CPU = Release|Any CPU
	EndGlobalSection
	GlobalSection(ProjectConfigurationPlatforms) = postSolution
		{13FE3DD8-8B18-4E6E-8F0B-22D12EDC1C91}.Debug|Any CPU.ActiveCfg = Debug|Any CPU
		{13FE3DD8-8B18-4E6E-8F0B-22D12EDC1C91}.Debug|Any CPU.Build.0 = Debug|Any CPU
		{13FE3DD8-8B18-4E6E-8F0B-22D12EDC1C91}.Release|Any CPU.ActiveCfg = Release|Any CPU
		{13FE3DD8-8B18-4E6E-8F0B-22D12EDC1C91}.Release|Any CPU.Build.0 = Release|Any CPU
		{0BEB286E-AAE5-4843-895D-BBB9A572BDBA}.Debug|Any CPU.ActiveCfg = Debug|Any CPU
		{0BEB286E-AAE5-4843-895D-BBB9A572BDBA}.Debug|Any CPU.Build.0 = Debug|Any CPU
		{0BEB286E-AAE5-4843-895D-BBB9A572BDBA}.Release|Any CPU.ActiveCfg = Release|Any CPU
		{0BEB286E-AAE5-4843-895D-BBB9A572BDBA}.Release|Any CPU.Build.0 = Release|Any CPU
		{71F5A329-BF72-49B2-A61A-BF193EA667CB}.Debug|Any CPU.ActiveCfg = Debug|Any CPU
		{71F5A329-BF72-49B2-A61A-BF193EA667CB}.Debug|Any CPU.Build.0 = Debug|Any CPU
		{71F5A329-BF72-49B2-A61A-BF193EA667CB}.Release|Any CPU.ActiveCfg = Release|Any CPU
		{71F5A329-BF72-49B2-A61A-BF193EA667CB}.Release|Any CPU.Build.0 = Release|Any CPU
	EndGlobalSection
	GlobalSection(SolutionProperties) = preSolution
		HideSolutionNode = FALSE
	EndGlobalSection
	GlobalSection(ExtensibilityGlobals) = postSolution
		SolutionGuid = {77AA2DDD-9122-4359-ADD8-50E13F69AA06}
	EndGlobalSection
EndGlobal
